
Microsoft Visual Studio Solution File, Format Version 12.00
# Visual Studio 15
VisualStudioVersion = 15.0.28010.2048
MinimumVisualStudioVersion = 10.0.40219.1
Project("{9A19103F-16F7-4668-BE54-9A1E7A4F7556}") = "task4", "task4\task4.csproj", "{33C59E53-55FE-4074-B1E9-9E00A901AC34}"
EndProject
Global
	GlobalSection(SolutionConfigurationPlatforms) = preSolution
		Debug|Any CPU = Debug|Any CPU
		Release|Any CPU = Release|Any CPU
	EndGlobalSection
	GlobalSection(ProjectConfigurationPlatforms) = postSolution
		{33C59E53-55FE-4074-B1E9-9E00A901AC34}.Debug|Any CPU.ActiveCfg = Debug|Any CPU
		{33C59E53-55FE-4074-B1E9-9E00A901AC34}.Debug|Any CPU.Build.0 = Debug|Any CPU
		{33C59E53-55FE-4074-B1E9-9E00A901AC34}.Release|Any CPU.ActiveCfg = Release|Any CPU
		{33C59E53-55FE-4074-B1E9-9E00A901AC34}.Release|Any CPU.Build.0 = Release|Any CPU
	EndGlobalSection
	GlobalSection(SolutionProperties) = preSolution
		HideSolutionNode = FALSE
	EndGlobalSection
	GlobalSection(ExtensibilityGlobals) = postSolution
		SolutionGuid = {6202B42D-0B48-480D-8CDE-17389706074E}
	EndGlobalSection
EndGlobal
