
Microsoft Visual Studio Solution File, Format Version 12.00
# Visual Studio 15
VisualStudioVersion = 15.0.28010.2048
MinimumVisualStudioVersion = 10.0.40219.1
Project("{FAE04EC0-301F-11D3-BF4B-00C04F79EFBC}") = "task1", "task1\task1.csproj", "{D91A5AF2-88D5-4498-A3E2-FDE56798FC5F}"
EndProject
Global
	GlobalSection(SolutionConfigurationPlatforms) = preSolution
		Debug|Any CPU = Debug|Any CPU
		Release|Any CPU = Release|Any CPU
	EndGlobalSection
	GlobalSection(ProjectConfigurationPlatforms) = postSolution
		{D91A5AF2-88D5-4498-A3E2-FDE56798FC5F}.Debug|Any CPU.ActiveCfg = Debug|Any CPU
		{D91A5AF2-88D5-4498-A3E2-FDE56798FC5F}.Debug|Any CPU.Build.0 = Debug|Any CPU
		{D91A5AF2-88D5-4498-A3E2-FDE56798FC5F}.Release|Any CPU.ActiveCfg = Release|Any CPU
		{D91A5AF2-88D5-4498-A3E2-FDE56798FC5F}.Release|Any CPU.Build.0 = Release|Any CPU
	EndGlobalSection
	GlobalSection(SolutionProperties) = preSolution
		HideSolutionNode = FALSE
	EndGlobalSection
	GlobalSection(ExtensibilityGlobals) = postSolution
		SolutionGuid = {514221B1-FAE5-4A59-8824-46A37FC1758B}
	EndGlobalSection
EndGlobal
