
Microsoft Visual Studio Solution File, Format Version 12.00
# Visual Studio 15
VisualStudioVersion = 15.0.28010.2048
MinimumVisualStudioVersion = 10.0.40219.1
Project("{FAE04EC0-301F-11D3-BF4B-00C04F79EFBC}") = "Task4Web", "Task4Web\Task4Web.csproj", "{D30AC03B-10E9-480B-AB54-66670202F6D3}"
EndProject
Global
	GlobalSection(SolutionConfigurationPlatforms) = preSolution
		Debug|Any CPU = Debug|Any CPU
		Release|Any CPU = Release|Any CPU
	EndGlobalSection
	GlobalSection(ProjectConfigurationPlatforms) = postSolution
		{D30AC03B-10E9-480B-AB54-66670202F6D3}.Debug|Any CPU.ActiveCfg = Debug|Any CPU
		{D30AC03B-10E9-480B-AB54-66670202F6D3}.Debug|Any CPU.Build.0 = Debug|Any CPU
		{D30AC03B-10E9-480B-AB54-66670202F6D3}.Release|Any CPU.ActiveCfg = Release|Any CPU
		{D30AC03B-10E9-480B-AB54-66670202F6D3}.Release|Any CPU.Build.0 = Release|Any CPU
	EndGlobalSection
	GlobalSection(SolutionProperties) = preSolution
		HideSolutionNode = FALSE
	EndGlobalSection
	GlobalSection(ExtensibilityGlobals) = postSolution
		SolutionGuid = {420946F5-3326-41ED-ACE3-35122C1CE3E4}
	EndGlobalSection
EndGlobal
